
Microsoft Visual Studio Solution File, Format Version 12.00
# Visual Studio Version 16
VisualStudioVersion = 16.0.31515.178
MinimumVisualStudioVersion = 10.0.40219.1
Project("{9A19103F-16F7-4668-BE54-9A1E7A4F7556}") = "1.Demo.SignalR.Server", "src\Demo.SignalR.Server\1.Demo.SignalR.Server.csproj", "{8549C665-FA7E-49EB-9807-6E2F24922A41}"
EndProject
Project("{2150E333-8FDC-42A3-9474-1A3956D46DE8}") = "Project", "Project", "{2F8F5487-F900-4623-A41A-A7127D1A8379}"
	ProjectSection(SolutionItems) = preProject
		.gitignore = .gitignore
		global.json = global.json
		LICENSE = LICENSE
		README.md = README.md
	EndProjectSection
EndProject
Project("{9A19103F-16F7-4668-BE54-9A1E7A4F7556}") = "2.Demo.Client.dotnet", "src\Demo.Client.dotnet\2.Demo.Client.dotnet.csproj", "{1F001998-34A6-464D-8BE4-BBCB733F9000}"
EndProject
Global
	GlobalSection(SolutionConfigurationPlatforms) = preSolution
		Debug|Any CPU = Debug|Any CPU
		Release|Any CPU = Release|Any CPU
	EndGlobalSection
	GlobalSection(ProjectConfigurationPlatforms) = postSolution
		{8549C665-FA7E-49EB-9807-6E2F24922A41}.Debug|Any CPU.ActiveCfg = Debug|Any CPU
		{8549C665-FA7E-49EB-9807-6E2F24922A41}.Debug|Any CPU.Build.0 = Debug|Any CPU
		{8549C665-FA7E-49EB-9807-6E2F24922A41}.Release|Any CPU.ActiveCfg = Release|Any CPU
		{8549C665-FA7E-49EB-9807-6E2F24922A41}.Release|Any CPU.Build.0 = Release|Any CPU
		{1F001998-34A6-464D-8BE4-BBCB733F9000}.Debug|Any CPU.ActiveCfg = Debug|Any CPU
		{1F001998-34A6-464D-8BE4-BBCB733F9000}.Debug|Any CPU.Build.0 = Debug|Any CPU
		{1F001998-34A6-464D-8BE4-BBCB733F9000}.Release|Any CPU.ActiveCfg = Release|Any CPU
		{1F001998-34A6-464D-8BE4-BBCB733F9000}.Release|Any CPU.Build.0 = Release|Any CPU
	EndGlobalSection
	GlobalSection(SolutionProperties) = preSolution
		HideSolutionNode = FALSE
	EndGlobalSection
	GlobalSection(ExtensibilityGlobals) = postSolution
		SolutionGuid = {3A5A822E-9089-4855-9060-250C81E51422}
	EndGlobalSection
EndGlobal
